
Microsoft Visual Studio Solution File, Format Version 12.00
# Visual Studio Version 17
VisualStudioVersion = 17.9.34701.34
MinimumVisualStudioVersion = 10.0.40219.1
Project("{FAE04EC0-301F-11D3-BF4B-00C04F79EFBC}") = "TestDem", "TestDem\TestDem.csproj", "{760C0D61-1E98-4FC5-9B16-7499AB688670}"
EndProject
Global
	GlobalSection(SolutionConfigurationPlatforms) = preSolution
		Debug|Any CPU = Debug|Any CPU
		Release|Any CPU = Release|Any CPU
	EndGlobalSection
	GlobalSection(ProjectConfigurationPlatforms) = postSolution
		{760C0D61-1E98-4FC5-9B16-7499AB688670}.Debug|Any CPU.ActiveCfg = Debug|Any CPU
		{760C0D61-1E98-4FC5-9B16-7499AB688670}.Debug|Any CPU.Build.0 = Debug|Any CPU
		{760C0D61-1E98-4FC5-9B16-7499AB688670}.Release|Any CPU.ActiveCfg = Release|Any CPU
		{760C0D61-1E98-4FC5-9B16-7499AB688670}.Release|Any CPU.Build.0 = Release|Any CPU
	EndGlobalSection
	GlobalSection(SolutionProperties) = preSolution
		HideSolutionNode = FALSE
	EndGlobalSection
	GlobalSection(ExtensibilityGlobals) = postSolution
		SolutionGuid = {63F9E03A-E3C8-440B-84B7-07F25529E325}
	EndGlobalSection
EndGlobal
